// !$*UTF8*$!
{
	archiveVersion = 1;
	classes = {
	};
	objectVersion = 46;
	objects = {

/* Begin PBXBuildFile section */
		4A0DFC211DBEE70B00638903 /* Weather.swift in Sources */ = {isa = PBXBuildFile; fileRef = 4A0DFC201DBEE70B00638903 /* Weather.swift */; };
		4A3F53591DC066F200EAD87B /* LocationTableViewController.swift in Sources */ = {isa = PBXBuildFile; fileRef = 4A3F53581DC066F200EAD87B /* LocationTableViewController.swift */; };
		4AAA1AB71DC0F26300B47E2C /* LocationTableViewCell.swift in Sources */ = {isa = PBXBuildFile; fileRef = 4AAA1AB61DC0F26300B47E2C /* LocationTableViewCell.swift */; };
		4AAA1ADB1DC18A5100B47E2C /* WeatherApp.xcdatamodeld in Sources */ = {isa = PBXBuildFile; fileRef = 4AAA1AD91DC18A5100B47E2C /* WeatherApp.xcdatamodeld */; };
		4AAA1ADE1DC18BC800B47E2C /* Location+CoreDataClass.swift in Sources */ = {isa = PBXBuildFile; fileRef = 4AAA1ADC1DC18BC800B47E2C /* Location+CoreDataClass.swift */; };
		4AAA1ADF1DC18BC800B47E2C /* Location+CoreDataProperties.swift in Sources */ = {isa = PBXBuildFile; fileRef = 4AAA1ADD1DC18BC800B47E2C /* Location+CoreDataProperties.swift */; };
		4AAA1AE11DC18CB700B47E2C /* DataManager.swift in Sources */ = {isa = PBXBuildFile; fileRef = 4AAA1AE01DC18CB700B47E2C /* DataManager.swift */; };
		4AAA1AE61DC1C47400B47E2C /* CoreLocationManager.swift in Sources */ = {isa = PBXBuildFile; fileRef = 4AAA1AE51DC1C47400B47E2C /* CoreLocationManager.swift */; };
		4AEDE07A1DBD6B0500AD8B60 /* AppDelegate.swift in Sources */ = {isa = PBXBuildFile; fileRef = 4AEDE0791DBD6B0500AD8B60 /* AppDelegate.swift */; };
		4AEDE07F1DBD6B0600AD8B60 /* Main.storyboard in Resources */ = {isa = PBXBuildFile; fileRef = 4AEDE07D1DBD6B0500AD8B60 /* Main.storyboard */; };
		4AEDE0811DBD6B0600AD8B60 /* Assets.xcassets in Resources */ = {isa = PBXBuildFile; fileRef = 4AEDE0801DBD6B0600AD8B60 /* Assets.xcassets */; };
		4AEDE0841DBD6B0600AD8B60 /* LaunchScreen.storyboard in Resources */ = {isa = PBXBuildFile; fileRef = 4AEDE0821DBD6B0600AD8B60 /* LaunchScreen.storyboard */; };
		4AEDE08C1DBD7CD700AD8B60 /* WeatherService.swift in Sources */ = {isa = PBXBuildFile; fileRef = 4AEDE08B1DBD7CD700AD8B60 /* WeatherService.swift */; };
		6AFA5B08B15DAD9D26F2A0F8 /* Pods_WeatherApp.framework in Frameworks */ = {isa = PBXBuildFile; fileRef = D944D5E8EF39252976969B95 /* Pods_WeatherApp.framework */; };
/* End PBXBuildFile section */

/* Begin PBXFileReference section */
		47B762246F24C10EFCAF5FDB /* Pods-WeatherApp.debug.xcconfig */ = {isa = PBXFileReference; includeInIndex = 1; lastKnownFileType = text.xcconfig; name = "Pods-WeatherApp.debug.xcconfig"; path = "Pods/Target Support Files/Pods-WeatherApp/Pods-WeatherApp.debug.xcconfig"; sourceTree = "<group>"; };
		4A0DFC201DBEE70B00638903 /* Weather.swift */ = {isa = PBXFileReference; fileEncoding = 4; lastKnownFileType = sourcecode.swift; path = Weather.swift; sourceTree = "<group>"; };
		4A0DFC221DBEFB6E00638903 /* MapKit.framework */ = {isa = PBXFileReference; lastKnownFileType = wrapper.framework; name = MapKit.framework; path = System/Library/Frameworks/MapKit.framework; sourceTree = SDKROOT; };
		4A3F53581DC066F200EAD87B /* LocationTableViewController.swift */ = {isa = PBXFileReference; fileEncoding = 4; lastKnownFileType = sourcecode.swift; path = LocationTableViewController.swift; sourceTree = "<group>"; };
		4AAA1AB61DC0F26300B47E2C /* LocationTableViewCell.swift */ = {isa = PBXFileReference; fileEncoding = 4; lastKnownFileType = sourcecode.swift; path = LocationTableViewCell.swift; sourceTree = "<group>"; };
		4AAA1ADA1DC18A5100B47E2C /* WeatherApp.xcdatamodel */ = {isa = PBXFileReference; lastKnownFileType = wrapper.xcdatamodel; path = WeatherApp.xcdatamodel; sourceTree = "<group>"; };
		4AAA1ADC1DC18BC800B47E2C /* Location+CoreDataClass.swift */ = {isa = PBXFileReference; fileEncoding = 4; lastKnownFileType = sourcecode.swift; path = "Location+CoreDataClass.swift"; sourceTree = "<group>"; };
		4AAA1ADD1DC18BC800B47E2C /* Location+CoreDataProperties.swift */ = {isa = PBXFileReference; fileEncoding = 4; lastKnownFileType = sourcecode.swift; path = "Location+CoreDataProperties.swift"; sourceTree = "<group>"; };
		4AAA1AE01DC18CB700B47E2C /* DataManager.swift */ = {isa = PBXFileReference; fileEncoding = 4; lastKnownFileType = sourcecode.swift; path = DataManager.swift; sourceTree = "<group>"; };
		4AAA1AE51DC1C47400B47E2C /* CoreLocationManager.swift */ = {isa = PBXFileReference; fileEncoding = 4; lastKnownFileType = sourcecode.swift; path = CoreLocationManager.swift; sourceTree = "<group>"; };
		4AEDE0761DBD6B0500AD8B60 /* WeatherApp.app */ = {isa = PBXFileReference; explicitFileType = wrapper.application; includeInIndex = 0; path = WeatherApp.app; sourceTree = BUILT_PRODUCTS_DIR; };
		4AEDE0791DBD6B0500AD8B60 /* AppDelegate.swift */ = {isa = PBXFileReference; lastKnownFileType = sourcecode.swift; path = AppDelegate.swift; sourceTree = "<group>"; };
		4AEDE07E1DBD6B0500AD8B60 /* Base */ = {isa = PBXFileReference; lastKnownFileType = file.storyboard; name = Base; path = Base.lproj/Main.storyboard; sourceTree = "<group>"; };
		4AEDE0801DBD6B0600AD8B60 /* Assets.xcassets */ = {isa = PBXFileReference; lastKnownFileType = folder.assetcatalog; path = Assets.xcassets; sourceTree = "<group>"; };
		4AEDE0831DBD6B0600AD8B60 /* Base */ = {isa = PBXFileReference; lastKnownFileType = file.storyboard; name = Base; path = Base.lproj/LaunchScreen.storyboard; sourceTree = "<group>"; };
		4AEDE0851DBD6B0600AD8B60 /* Info.plist */ = {isa = PBXFileReference; lastKnownFileType = text.plist.xml; path = Info.plist; sourceTree = "<group>"; };
		4AEDE08B1DBD7CD700AD8B60 /* WeatherService.swift */ = {isa = PBXFileReference; fileEncoding = 4; lastKnownFileType = sourcecode.swift; path = WeatherService.swift; sourceTree = "<group>"; };
		D41D92BDA61E1FD6D0381C6B /* Pods-WeatherApp.release.xcconfig */ = {isa = PBXFileReference; includeInIndex = 1; lastKnownFileType = text.xcconfig; name = "Pods-WeatherApp.release.xcconfig"; path = "Pods/Target Support Files/Pods-WeatherApp/Pods-WeatherApp.release.xcconfig"; sourceTree = "<group>"; };
		D944D5E8EF39252976969B95 /* Pods_WeatherApp.framework */ = {isa = PBXFileReference; explicitFileType = wrapper.framework; includeInIndex = 0; path = Pods_WeatherApp.framework; sourceTree = BUILT_PRODUCTS_DIR; };
/* End PBXFileReference section */

/* Begin PBXFrameworksBuildPhase section */
		4AEDE0731DBD6B0500AD8B60 /* Frameworks */ = {
			isa = PBXFrameworksBuildPhase;
			buildActionMask = 2147483647;
			files = (
				6AFA5B08B15DAD9D26F2A0F8 /* Pods_WeatherApp.framework in Frameworks */,
			);
			runOnlyForDeploymentPostprocessing = 0;
		};
/* End PBXFrameworksBuildPhase section */

/* Begin PBXGroup section */
		4AAA1AE21DC1903400B47E2C /* Data */ = {
			isa = PBXGroup;
			children = (
				4AAA1AD91DC18A5100B47E2C /* WeatherApp.xcdatamodeld */,
				4AAA1AEA1DC1E98700B47E2C /* Models */,
				4AAA1AE01DC18CB700B47E2C /* DataManager.swift */,
			);
			name = Data;
			sourceTree = "<group>";
		};
		4AAA1AE71DC1E95600B47E2C /* User Interface */ = {
			isa = PBXGroup;
			children = (
				4AAA1AE91DC1E97500B47E2C /* LocationTableViewController */,
			);
			name = "User Interface";
			sourceTree = "<group>";
		};
		4AAA1AE81DC1E96400B47E2C /* Cells */ = {
			isa = PBXGroup;
			children = (
				4AAA1AB61DC0F26300B47E2C /* LocationTableViewCell.swift */,
			);
			name = Cells;
			sourceTree = "<group>";
		};
		4AAA1AE91DC1E97500B47E2C /* LocationTableViewController */ = {
			isa = PBXGroup;
			children = (
				4A3F53581DC066F200EAD87B /* LocationTableViewController.swift */,
				4AAA1AE81DC1E96400B47E2C /* Cells */,
			);
			name = LocationTableViewController;
			sourceTree = "<group>";
		};
		4AAA1AEA1DC1E98700B47E2C /* Models */ = {
			isa = PBXGroup;
			children = (
				4AAA1ADC1DC18BC800B47E2C /* Location+CoreDataClass.swift */,
				4AAA1ADD1DC18BC800B47E2C /* Location+CoreDataProperties.swift */,
			);
			name = Models;
			sourceTree = "<group>";
		};
		4AAA1AEB1DC1E99A00B47E2C /* Services */ = {
			isa = PBXGroup;
			children = (
				4AEDE08B1DBD7CD700AD8B60 /* WeatherService.swift */,
			);
			name = Services;
			sourceTree = "<group>";
		};
		4AEDE06D1DBD6B0500AD8B60 = {
			isa = PBXGroup;
			children = (
				4AEDE0781DBD6B0500AD8B60 /* WeatherApp */,
				4AEDE0771DBD6B0500AD8B60 /* Products */,
				601DB2A95FDA0468D2144AC0 /* Pods */,
				66D7DB215C9C8E3F8AC7D50E /* Frameworks */,
			);
			sourceTree = "<group>";
		};
		4AEDE0771DBD6B0500AD8B60 /* Products */ = {
			isa = PBXGroup;
			children = (
				4AEDE0761DBD6B0500AD8B60 /* WeatherApp.app */,
			);
			name = Products;
			sourceTree = "<group>";
		};
		4AEDE0781DBD6B0500AD8B60 /* WeatherApp */ = {
			isa = PBXGroup;
			children = (
				4AAA1AEB1DC1E99A00B47E2C /* Services */,
				4AAA1AE71DC1E95600B47E2C /* User Interface */,
				4AAA1AE21DC1903400B47E2C /* Data */,
				4AEDE0791DBD6B0500AD8B60 /* AppDelegate.swift */,
				4AAA1AE51DC1C47400B47E2C /* CoreLocationManager.swift */,
				4A0DFC201DBEE70B00638903 /* Weather.swift */,
				4AEDE07D1DBD6B0500AD8B60 /* Main.storyboard */,
				4AEDE0801DBD6B0600AD8B60 /* Assets.xcassets */,
				4AEDE0821DBD6B0600AD8B60 /* LaunchScreen.storyboard */,
				4AEDE0851DBD6B0600AD8B60 /* Info.plist */,
			);
			path = WeatherApp;
			sourceTree = "<group>";
		};
		601DB2A95FDA0468D2144AC0 /* Pods */ = {
			isa = PBXGroup;
			children = (
				47B762246F24C10EFCAF5FDB /* Pods-WeatherApp.debug.xcconfig */,
				D41D92BDA61E1FD6D0381C6B /* Pods-WeatherApp.release.xcconfig */,
			);
			name = Pods;
			sourceTree = "<group>";
		};
		66D7DB215C9C8E3F8AC7D50E /* Frameworks */ = {
			isa = PBXGroup;
			children = (
				4A0DFC221DBEFB6E00638903 /* MapKit.framework */,
				D944D5E8EF39252976969B95 /* Pods_WeatherApp.framework */,
			);
			name = Frameworks;
			sourceTree = "<group>";
		};
/* End PBXGroup section */

/* Begin PBXNativeTarget section */
		4AEDE0751DBD6B0500AD8B60 /* WeatherApp */ = {
			isa = PBXNativeTarget;
			buildConfigurationList = 4AEDE0881DBD6B0600AD8B60 /* Build configuration list for PBXNativeTarget "WeatherApp" */;
			buildPhases = (
				0E01A7694E9E34C3FD485ECB /* [CP] Check Pods Manifest.lock */,
				4AEDE0721DBD6B0500AD8B60 /* Sources */,
				4AEDE0731DBD6B0500AD8B60 /* Frameworks */,
				4AEDE0741DBD6B0500AD8B60 /* Resources */,
				18A48D58EA5F044D8FD68088 /* [CP] Embed Pods Frameworks */,
				15AAEE55F2E76D9D2423C3BC /* [CP] Copy Pods Resources */,
			);
			buildRules = (
			);
			dependencies = (
			);
			name = WeatherApp;
			productName = WeatherApp;
			productReference = 4AEDE0761DBD6B0500AD8B60 /* WeatherApp.app */;
			productType = "com.apple.product-type.application";
		};
/* End PBXNativeTarget section */

/* Begin PBXProject section */
		4AEDE06E1DBD6B0500AD8B60 /* Project object */ = {
			isa = PBXProject;
			attributes = {
				LastSwiftUpdateCheck = 0800;
				LastUpgradeCheck = 0800;
				ORGANIZATIONNAME = "Robert Haworth";
				TargetAttributes = {
					4AEDE0751DBD6B0500AD8B60 = {
						CreatedOnToolsVersion = 8.0;
						DevelopmentTeam = S7PW65BS48;
						ProvisioningStyle = Automatic;
						SystemCapabilities = {
							com.apple.Maps.iOS = {
								enabled = 0;
							};
						};
					};
				};
			};
			buildConfigurationList = 4AEDE0711DBD6B0500AD8B60 /* Build configuration list for PBXProject "WeatherApp" */;
			compatibilityVersion = "Xcode 3.2";
			developmentRegion = English;
			hasScannedForEncodings = 0;
			knownRegions = (
				en,
				Base,
			);
			mainGroup = 4AEDE06D1DBD6B0500AD8B60;
			productRefGroup = 4AEDE0771DBD6B0500AD8B60 /* Products */;
			projectDirPath = "";
			projectRoot = "";
			targets = (
				4AEDE0751DBD6B0500AD8B60 /* WeatherApp */,
			);
		};
/* End PBXProject section */

/* Begin PBXResourcesBuildPhase section */
		4AEDE0741DBD6B0500AD8B60 /* Resources */ = {
			isa = PBXResourcesBuildPhase;
			buildActionMask = 2147483647;
			files = (
				4AEDE0841DBD6B0600AD8B60 /* LaunchScreen.storyboard in Resources */,
				4AEDE0811DBD6B0600AD8B60 /* Assets.xcassets in Resources */,
				4AEDE07F1DBD6B0600AD8B60 /* Main.storyboard in Resources */,
			);
			runOnlyForDeploymentPostprocessing = 0;
		};
/* End PBXResourcesBuildPhase section */

/* Begin PBXShellScriptBuildPhase section */
		0E01A7694E9E34C3FD485ECB /* [CP] Check Pods Manifest.lock */ = {
			isa = PBXShellScriptBuildPhase;
			buildActionMask = 2147483647;
			files = (
			);
			inputPaths = (
			);
			name = "[CP] Check Pods Manifest.lock";
			outputPaths = (
			);
			runOnlyForDeploymentPostprocessing = 0;
			shellPath = /bin/sh;
			shellScript = "diff \"${PODS_ROOT}/../Podfile.lock\" \"${PODS_ROOT}/Manifest.lock\" > /dev/null\nif [ $? != 0 ] ; then\n    # print error to STDERR\n    echo \"error: The sandbox is not in sync with the Podfile.lock. Run 'pod install' or update your CocoaPods installation.\" >&2\n    exit 1\nfi\n";
			showEnvVarsInLog = 0;
		};
		15AAEE55F2E76D9D2423C3BC /* [CP] Copy Pods Resources */ = {
			isa = PBXShellScriptBuildPhase;
			buildActionMask = 2147483647;
			files = (
			);
			inputPaths = (
			);
			name = "[CP] Copy Pods Resources";
			outputPaths = (
			);
			runOnlyForDeploymentPostprocessing = 0;
			shellPath = /bin/sh;
			shellScript = "\"${SRCROOT}/Pods/Target Support Files/Pods-WeatherApp/Pods-WeatherApp-resources.sh\"\n";
			showEnvVarsInLog = 0;
		};
		18A48D58EA5F044D8FD68088 /* [CP] Embed Pods Frameworks */ = {
			isa = PBXShellScriptBuildPhase;
			buildActionMask = 2147483647;
			files = (
			);
			inputPaths = (
			);
			name = "[CP] Embed Pods Frameworks";
			outputPaths = (
			);
			runOnlyForDeploymentPostprocessing = 0;
			shellPath = /bin/sh;
			shellScript = "\"${SRCROOT}/Pods/Target Support Files/Pods-WeatherApp/Pods-WeatherApp-frameworks.sh\"\n";
			showEnvVarsInLog = 0;
		};
/* End PBXShellScriptBuildPhase section */

/* Begin PBXSourcesBuildPhase section */
		4AEDE0721DBD6B0500AD8B60 /* Sources */ = {
			isa = PBXSourcesBuildPhase;
			buildActionMask = 2147483647;
			files = (
				4AAA1AB71DC0F26300B47E2C /* LocationTableViewCell.swift in Sources */,
				4AAA1AE61DC1C47400B47E2C /* CoreLocationManager.swift in Sources */,
				4AAA1AE11DC18CB700B47E2C /* DataManager.swift in Sources */,
				4A3F53591DC066F200EAD87B /* LocationTableViewController.swift in Sources */,
				4A0DFC211DBEE70B00638903 /* Weather.swift in Sources */,
				4AAA1ADB1DC18A5100B47E2C /* WeatherApp.xcdatamodeld in Sources */,
				4AAA1ADE1DC18BC800B47E2C /* Location+CoreDataClass.swift in Sources */,
				4AAA1ADF1DC18BC800B47E2C /* Location+CoreDataProperties.swift in Sources */,
				4AEDE08C1DBD7CD700AD8B60 /* WeatherService.swift in Sources */,
				4AEDE07A1DBD6B0500AD8B60 /* AppDelegate.swift in Sources */,
			);
			runOnlyForDeploymentPostprocessing = 0;
		};
/* End PBXSourcesBuildPhase section */

/* Begin PBXVariantGroup section */
		4AEDE07D1DBD6B0500AD8B60 /* Main.storyboard */ = {
			isa = PBXVariantGroup;
			children = (
				4AEDE07E1DBD6B0500AD8B60 /* Base */,
			);
			name = Main.storyboard;
			sourceTree = "<group>";
		};
		4AEDE0821DBD6B0600AD8B60 /* LaunchScreen.storyboard */ = {
			isa = PBXVariantGroup;
			children = (
				4AEDE0831DBD6B0600AD8B60 /* Base */,
			);
			name = LaunchScreen.storyboard;
			sourceTree = "<group>";
		};
/* End PBXVariantGroup section */

/* Begin XCBuildConfiguration section */
		4AEDE0861DBD6B0600AD8B60 /* Debug */ = {
			isa = XCBuildConfiguration;
			buildSettings = {
				ALWAYS_SEARCH_USER_PATHS = NO;
				CLANG_ANALYZER_NONNULL = YES;
				CLANG_CXX_LANGUAGE_STANDARD = "gnu++0x";
				CLANG_CXX_LIBRARY = "libc++";
				CLANG_ENABLE_MODULES = YES;
				CLANG_ENABLE_OBJC_ARC = YES;
				CLANG_WARN_BOOL_CONVERSION = YES;
				CLANG_WARN_CONSTANT_CONVERSION = YES;
				CLANG_WARN_DIRECT_OBJC_ISA_USAGE = YES_ERROR;
				CLANG_WARN_DOCUMENTATION_COMMENTS = YES;
				CLANG_WARN_EMPTY_BODY = YES;
				CLANG_WARN_ENUM_CONVERSION = YES;
				CLANG_WARN_INFINITE_RECURSION = YES;
				CLANG_WARN_INT_CONVERSION = YES;
				CLANG_WARN_OBJC_ROOT_CLASS = YES_ERROR;
				CLANG_WARN_SUSPICIOUS_MOVE = YES;
				CLANG_WARN_SUSPICIOUS_MOVES = YES;
				CLANG_WARN_UNREACHABLE_CODE = YES;
				CLANG_WARN__DUPLICATE_METHOD_MATCH = YES;
				"CODE_SIGN_IDENTITY[sdk=iphoneos*]" = "iPhone Developer";
				COPY_PHASE_STRIP = NO;
				DEBUG_INFORMATION_FORMAT = dwarf;
				ENABLE_STRICT_OBJC_MSGSEND = YES;
				ENABLE_TESTABILITY = YES;
				GCC_C_LANGUAGE_STANDARD = gnu99;
				GCC_DYNAMIC_NO_PIC = NO;
				GCC_NO_COMMON_BLOCKS = YES;
				GCC_OPTIMIZATION_LEVEL = 0;
				GCC_PREPROCESSOR_DEFINITIONS = (
					"DEBUG=1",
					"$(inherited)",
				);
				GCC_WARN_64_TO_32_BIT_CONVERSION = YES;
				GCC_WARN_ABOUT_RETURN_TYPE = YES_ERROR;
				GCC_WARN_UNDECLARED_SELECTOR = YES;
				GCC_WARN_UNINITIALIZED_AUTOS = YES_AGGRESSIVE;
				GCC_WARN_UNUSED_FUNCTION = YES;
				GCC_WARN_UNUSED_VARIABLE = YES;
				IPHONEOS_DEPLOYMENT_TARGET = 10.0;
				MTL_ENABLE_DEBUG_INFO = YES;
				ONLY_ACTIVE_ARCH = YES;
				SDKROOT = iphoneos;
				SWIFT_ACTIVE_COMPILATION_CONDITIONS = DEBUG;
				SWIFT_OPTIMIZATION_LEVEL = "-Onone";
			};
			name = Debug;
		};
		4AEDE0871DBD6B0600AD8B60 /* Release */ = {
			isa = XCBuildConfiguration;
			buildSettings = {
				ALWAYS_SEARCH_USER_PATHS = NO;
				CLANG_ANALYZER_NONNULL = YES;
				CLANG_CXX_LANGUAGE_STANDARD = "gnu++0x";
				CLANG_CXX_LIBRARY = "libc++";
				CLANG_ENABLE_MODULES = YES;
				CLANG_ENABLE_OBJC_ARC = YES;
				CLANG_WARN_BOOL_CONVERSION = YES;
				CLANG_WARN_CONSTANT_CONVERSION = YES;
				CLANG_WARN_DIRECT_OBJC_ISA_USAGE = YES_ERROR;
				CLANG_WARN_DOCUMENTATION_COMMENTS = YES;
				CLANG_WARN_EMPTY_BODY = YES;
				CLANG_WARN_ENUM_CONVERSION = YES;
				CLANG_WARN_INFINITE_RECURSION = YES;
				CLANG_WARN_INT_CONVERSION = YES;
				CLANG_WARN_OBJC_ROOT_CLASS = YES_ERROR;
				CLANG_WARN_SUSPICIOUS_MOVE = YES;
				CLANG_WARN_SUSPICIOUS_MOVES = YES;
				CLANG_WARN_UNREACHABLE_CODE = YES;
				CLANG_WARN__DUPLICATE_METHOD_MATCH = YES;
				"CODE_SIGN_IDENTITY[sdk=iphoneos*]" = "iPhone Developer";
				COPY_PHASE_STRIP = NO;
				DEBUG_INFORMATION_FORMAT = "dwarf-with-dsym";
				ENABLE_NS_ASSERTIONS = NO;
				ENABLE_STRICT_OBJC_MSGSEND = YES;
				GCC_C_LANGUAGE_STANDARD = gnu99;
				GCC_NO_COMMON_BLOCKS = YES;
				GCC_WARN_64_TO_32_BIT_CONVERSION = YES;
				GCC_WARN_ABOUT_RETURN_TYPE = YES_ERROR;
				GCC_WARN_UNDECLARED_SELECTOR = YES;
				GCC_WARN_UNINITIALIZED_AUTOS = YES_AGGRESSIVE;
				GCC_WARN_UNUSED_FUNCTION = YES;
				GCC_WARN_UNUSED_VARIABLE = YES;
				IPHONEOS_DEPLOYMENT_TARGET = 10.0;
				MTL_ENABLE_DEBUG_INFO = NO;
				SDKROOT = iphoneos;
				SWIFT_OPTIMIZATION_LEVEL = "-Owholemodule";
				VALIDATE_PRODUCT = YES;
			};
			name = Release;
		};
		4AEDE0891DBD6B0600AD8B60 /* Debug */ = {
			isa = XCBuildConfiguration;
			baseConfigurationReference = 47B762246F24C10EFCAF5FDB /* Pods-WeatherApp.debug.xcconfig */;
			buildSettings = {
				ALWAYS_EMBED_SWIFT_STANDARD_LIBRARIES = YES;
				ASSETCATALOG_COMPILER_APPICON_NAME = AppIcon;
				DEVELOPMENT_TEAM = S7PW65BS48;
				INFOPLIST_FILE = WeatherApp/Info.plist;
				LD_RUNPATH_SEARCH_PATHS = "$(inherited) @executable_path/Frameworks";
				PRODUCT_BUNDLE_IDENTIFIER = com.roberthaworth.WeatherApp;
				PRODUCT_NAME = "$(TARGET_NAME)";
				SWIFT_VERSION = 3.0;
			};
			name = Debug;
		};
		4AEDE08A1DBD6B0600AD8B60 /* Release */ = {
			isa = XCBuildConfiguration;
			baseConfigurationReference = D41D92BDA61E1FD6D0381C6B /* Pods-WeatherApp.release.xcconfig */;
			buildSettings = {
				ALWAYS_EMBED_SWIFT_STANDARD_LIBRARIES = YES;
				ASSETCATALOG_COMPILER_APPICON_NAME = AppIcon;
				DEVELOPMENT_TEAM = S7PW65BS48;
				INFOPLIST_FILE = WeatherApp/Info.plist;
				LD_RUNPATH_SEARCH_PATHS = "$(inherited) @executable_path/Frameworks";
				PRODUCT_BUNDLE_IDENTIFIER = com.roberthaworth.WeatherApp;
				PRODUCT_NAME = "$(TARGET_NAME)";
				SWIFT_VERSION = 3.0;
			};
			name = Release;
		};
/* End XCBuildConfiguration section */

/* Begin XCConfigurationList section */
		4AEDE0711DBD6B0500AD8B60 /* Build configuration list for PBXProject "WeatherApp" */ = {
			isa = XCConfigurationList;
			buildConfigurations = (
				4AEDE0861DBD6B0600AD8B60 /* Debug */,
				4AEDE0871DBD6B0600AD8B60 /* Release */,
			);
			defaultConfigurationIsVisible = 0;
			defaultConfigurationName = Release;
		};
		4AEDE0881DBD6B0600AD8B60 /* Build configuration list for PBXNativeTarget "WeatherApp" */ = {
			isa = XCConfigurationList;
			buildConfigurations = (
				4AEDE0891DBD6B0600AD8B60 /* Debug */,
				4AEDE08A1DBD6B0600AD8B60 /* Release */,
			);
			defaultConfigurationIsVisible = 0;
			defaultConfigurationName = Release;
		};
/* End XCConfigurationList section */

/* Begin XCVersionGroup section */
		4AAA1AD91DC18A5100B47E2C /* WeatherApp.xcdatamodeld */ = {
			isa = XCVersionGroup;
			children = (
				4AAA1ADA1DC18A5100B47E2C /* WeatherApp.xcdatamodel */,
			);
			currentVersion = 4AAA1ADA1DC18A5100B47E2C /* WeatherApp.xcdatamodel */;
			path = WeatherApp.xcdatamodeld;
			sourceTree = "<group>";
			versionGroupType = wrapper.xcdatamodel;
		};
/* End XCVersionGroup section */
	};
	rootObject = 4AEDE06E1DBD6B0500AD8B60 /* Project object */;
}
